
Microsoft Visual Studio Solution File, Format Version 12.00
# Visual Studio Version 16
VisualStudioVersion = 16.0.31410.357
MinimumVisualStudioVersion = 10.0.40219.1
Project("{FAE04EC0-301F-11D3-BF4B-00C04F79EFBC}") = "Assignment1SIT323", "Assignment1SIT323\Assignment1SIT323.csproj", "{5956598C-0E2A-4616-A164-59C161AD6BD6}"
EndProject
Global
	GlobalSection(SolutionConfigurationPlatforms) = preSolution
		Debug|Any CPU = Debug|Any CPU
		Release|Any CPU = Release|Any CPU
	EndGlobalSection
	GlobalSection(ProjectConfigurationPlatforms) = postSolution
		{5956598C-0E2A-4616-A164-59C161AD6BD6}.Debug|Any CPU.ActiveCfg = Debug|Any CPU
		{5956598C-0E2A-4616-A164-59C161AD6BD6}.Debug|Any CPU.Build.0 = Debug|Any CPU
		{5956598C-0E2A-4616-A164-59C161AD6BD6}.Release|Any CPU.ActiveCfg = Release|Any CPU
		{5956598C-0E2A-4616-A164-59C161AD6BD6}.Release|Any CPU.Build.0 = Release|Any CPU
	EndGlobalSection
	GlobalSection(SolutionProperties) = preSolution
		HideSolutionNode = FALSE
	EndGlobalSection
	GlobalSection(ExtensibilityGlobals) = postSolution
		SolutionGuid = {6AA521B9-3A12-4432-BE43-7C88776B550E}
	EndGlobalSection
EndGlobal
